
Microsoft Visual Studio Solution File, Format Version 12.00
# Visual Studio Version 17
VisualStudioVersion = 17.14.36518.9 d17.14
MinimumVisualStudioVersion = 10.0.40219.1
Project("{FAE04EC0-301F-11D3-BF4B-00C04F79EFBC}") = "bai1", "bai1\bai1.csproj", "{7D822416-9A6C-4074-8EB8-F2143C52EC5E}"
EndProject
Global
	GlobalSection(SolutionConfigurationPlatforms) = preSolution
		Debug|Any CPU = Debug|Any CPU
		Release|Any CPU = Release|Any CPU
	EndGlobalSection
	GlobalSection(ProjectConfigurationPlatforms) = postSolution
		{7D822416-9A6C-4074-8EB8-F2143C52EC5E}.Debug|Any CPU.ActiveCfg = Debug|Any CPU
		{7D822416-9A6C-4074-8EB8-F2143C52EC5E}.Debug|Any CPU.Build.0 = Debug|Any CPU
		{7D822416-9A6C-4074-8EB8-F2143C52EC5E}.Release|Any CPU.ActiveCfg = Release|Any CPU
		{7D822416-9A6C-4074-8EB8-F2143C52EC5E}.Release|Any CPU.Build.0 = Release|Any CPU
	EndGlobalSection
	GlobalSection(SolutionProperties) = preSolution
		HideSolutionNode = FALSE
	EndGlobalSection
	GlobalSection(ExtensibilityGlobals) = postSolution
		SolutionGuid = {FC0FF148-054E-471A-BB3C-FBC98535E46A}
	EndGlobalSection
EndGlobal
